{
  "nodes": {
    "nixpkgs": {
      "locked": {
        "lastModified": 1787360063,
        "narHash": "sha256-dt4WdcvsA8/RCe+VZZwqU0X+XMM3wBbGCWA0/sFWzGo=",
        "owner": "NixOS",
        "repo": "nixpkgs",
        "rev": "2c423e03bbafcff28bfadc6781a4a8257f205cb5",
        "type": "github"
      },
      "original": {
        "owner": "NixOS",
        "ref": "nixos-unstable",
        "repo": "nixpkgs",
        "type": "github"
      }
    },
    "root": {
      "inputs": {
        "nixpkgs": "nixpkgs",
        "tsdeclarations": "tsdeclarations"
      }
    },
    "tsdeclarations": {
      "flake": false,
      "locked": {
        "lastModified": 1640439960,
        "narHash": "sha256-WoMj1GFO0lTPj0yQhNnS54wflDVN39cv/9EKgZCaZJg=",
        "owner": "ReSpeak",
        "repo": "tsdeclarations",
        "rev": "53a1580af9e09b7c80c2c83d16dba9d2a0fb09a8",
        "type": "github"
      },
      "original": {
        "owner": "ReSpeak",
        "repo": "tsdeclarations",
        "rev": "53a1580af9e09b7c80c2c83d16dba9d2a0fb09a8",
        "type": "github"
      }
    }
  },
  "root": "root",
  "version": 7
}
