Microsoft Visual Studio Solution File, Format Version 12.00
# Visual Studio Version 16
VisualStudioVersion = 16.0.28711.60
MinimumVisualStudioVersion = 10.0.40219.1
Project("{9A19103F-16F7-4668-BE54-9A1E7A4F7556}") = "TS3AudioBot", "TS3AudioBot\TS3AudioBot.csproj", "{0ECC38F3-DE6E-4D7F-81EB-58B15F584635}"
EndProject
Project("{9A19103F-16F7-4668-BE54-9A1E7A4F7556}") = "TS3ABotUnitTests", "TS3ABotUnitTests\TS3ABotUnitTests.csproj", "{20B6F767-5396-41D9-83D8-98B5730C6E2E}"
EndProject
Project("{9A19103F-16F7-4668-BE54-9A1E7A4F7556}") = "TSLib", "TSLib\TSLib.csproj", "{0EB99E9D-87E5-4534-A100-55D231C2B6A6}"
EndProject
Project("{2150E333-8FDC-42A3-9474-1A3956D46DE8}") = "Solution Items", "Solution Items", "{ADAA5A65-0CE1-45FA-91F4-3D8D39073AB0}"
	ProjectSection(SolutionItems) = preProject
		.editorconfig = .editorconfig
		Directory.Build.targets = Directory.Build.targets
		README.md = README.md
		TS3AudioBot.ruleset = TS3AudioBot.ruleset
	EndProjectSection
EndProject
Global
	GlobalSection(SolutionConfigurationPlatforms) = preSolution
		Debug|Any CPU = Debug|Any CPU
		Release|Any CPU = Release|Any CPU
	EndGlobalSection
	GlobalSection(ProjectConfigurationPlatforms) = postSolution
		{0ECC38F3-DE6E-4D7F-81EB-58B15F584635}.Debug|Any CPU.ActiveCfg = Debug|Any CPU
		{0ECC38F3-DE6E-4D7F-81EB-58B15F584635}.Debug|Any CPU.Build.0 = Debug|Any CPU
		{0ECC38F3-DE6E-4D7F-81EB-58B15F584635}.Release|Any CPU.ActiveCfg = Release|Any CPU
		{0ECC38F3-DE6E-4D7F-81EB-58B15F584635}.Release|Any CPU.Build.0 = Release|Any CPU
		{20B6F767-5396-41D9-83D8-98B5730C6E2E}.Debug|Any CPU.ActiveCfg = Debug|Any CPU
		{20B6F767-5396-41D9-83D8-98B5730C6E2E}.Debug|Any CPU.Build.0 = Debug|Any CPU
		{20B6F767-5396-41D9-83D8-98B5730C6E2E}.Release|Any CPU.ActiveCfg = Release|Any CPU
		{20B6F767-5396-41D9-83D8-98B5730C6E2E}.Release|Any CPU.Build.0 = Release|Any CPU
		{0EB99E9D-87E5-4534-A100-55D231C2B6A6}.Debug|Any CPU.ActiveCfg = Debug|Any CPU
		{0EB99E9D-87E5-4534-A100-55D231C2B6A6}.Debug|Any CPU.Build.0 = Debug|Any CPU
		{0EB99E9D-87E5-4534-A100-55D231C2B6A6}.Release|Any CPU.ActiveCfg = Release|Any CPU
		{0EB99E9D-87E5-4534-A100-55D231C2B6A6}.Release|Any CPU.Build.0 = Release|Any CPU
	EndGlobalSection
	GlobalSection(SolutionProperties) = preSolution
		HideSolutionNode = FALSE
	EndGlobalSection
	GlobalSection(ExtensibilityGlobals) = postSolution
		SolutionGuid = {15C2EA96-9126-41B1-A7A1-B02663F50EE3}
	EndGlobalSection
	GlobalSection(Performance) = preSolution
		HasPerformanceSessions = true
	EndGlobalSection
EndGlobal
