Microsoft Visual Studio Solution File, Format Version 12.00
# Visual Studio 15
VisualStudioVersion = 15.0.26430.16
MinimumVisualStudioVersion = 10.0.40219.1
Project("{FAE04EC0-301F-11D3-BF4B-00C04F79EFBC}") = "TS3AudioBot", "TS3AudioBot\TS3AudioBot.csproj", "{0ECC38F3-DE6E-4D7F-81EB-58B15F584635}"
EndProject
Project("{FAE04EC0-301F-11D3-BF4B-00C04F79EFBC}") = "TS3ABotUnitTests", "TS3ABotUnitTests\TS3ABotUnitTests.csproj", "{20B6F767-5396-41D9-83D8-98B5730C6E2E}"
EndProject
Project("{FAE04EC0-301F-11D3-BF4B-00C04F79EFBC}") = "PluginTests", "PluginTests\PluginTests.csproj", "{DDBB1943-929D-43F6-A7E1-01903DD05D64}"
EndProject
Project("{FAE04EC0-301F-11D3-BF4B-00C04F79EFBC}") = "TS3Client", "TS3Client\TS3Client.csproj", "{0EB99E9D-87E5-4534-A100-55D231C2B6A6}"
EndProject
Project("{2150E333-8FDC-42A3-9474-1A3956D46DE8}") = "Solution Items", "Solution Items", "{ADAA5A65-0CE1-45FA-91F4-3D8D39073AB0}"
	ProjectSection(SolutionItems) = preProject
		.editorconfig = .editorconfig
		.travis.yml = .travis.yml
		README.md = README.md
	EndProjectSection
EndProject
Project("{FAE04EC0-301F-11D3-BF4B-00C04F79EFBC}") = "Ts3ClientTests", "Ts3ClientTests\Ts3ClientTests.csproj", "{3F6F11F0-C0DE-4C24-B39F-4A5B5B150376}"
EndProject
Global
	GlobalSection(SolutionConfigurationPlatforms) = preSolution
		Debug|x86 = Debug|x86
		Release|x86 = Release|x86
	EndGlobalSection
	GlobalSection(ProjectConfigurationPlatforms) = postSolution
		{0ECC38F3-DE6E-4D7F-81EB-58B15F584635}.Debug|x86.ActiveCfg = Debug|x86
		{0ECC38F3-DE6E-4D7F-81EB-58B15F584635}.Debug|x86.Build.0 = Debug|x86
		{0ECC38F3-DE6E-4D7F-81EB-58B15F584635}.Release|x86.ActiveCfg = Release|x86
		{0ECC38F3-DE6E-4D7F-81EB-58B15F584635}.Release|x86.Build.0 = Release|x86
		{20B6F767-5396-41D9-83D8-98B5730C6E2E}.Debug|x86.ActiveCfg = Debug|x86
		{20B6F767-5396-41D9-83D8-98B5730C6E2E}.Debug|x86.Build.0 = Debug|x86
		{20B6F767-5396-41D9-83D8-98B5730C6E2E}.Release|x86.ActiveCfg = Release|x86
		{20B6F767-5396-41D9-83D8-98B5730C6E2E}.Release|x86.Build.0 = Release|x86
		{DDBB1943-929D-43F6-A7E1-01903DD05D64}.Debug|x86.ActiveCfg = Debug|x86
		{DDBB1943-929D-43F6-A7E1-01903DD05D64}.Debug|x86.Build.0 = Debug|x86
		{DDBB1943-929D-43F6-A7E1-01903DD05D64}.Release|x86.ActiveCfg = Release|x86
		{DDBB1943-929D-43F6-A7E1-01903DD05D64}.Release|x86.Build.0 = Release|x86
		{0EB99E9D-87E5-4534-A100-55D231C2B6A6}.Debug|x86.ActiveCfg = Debug|Any CPU
		{0EB99E9D-87E5-4534-A100-55D231C2B6A6}.Debug|x86.Build.0 = Debug|Any CPU
		{0EB99E9D-87E5-4534-A100-55D231C2B6A6}.Release|x86.ActiveCfg = Release|Any CPU
		{0EB99E9D-87E5-4534-A100-55D231C2B6A6}.Release|x86.Build.0 = Release|Any CPU
		{3F6F11F0-C0DE-4C24-B39F-4A5B5B150376}.Debug|x86.ActiveCfg = Debug|Any CPU
		{3F6F11F0-C0DE-4C24-B39F-4A5B5B150376}.Debug|x86.Build.0 = Debug|Any CPU
		{3F6F11F0-C0DE-4C24-B39F-4A5B5B150376}.Release|x86.ActiveCfg = Release|Any CPU
		{3F6F11F0-C0DE-4C24-B39F-4A5B5B150376}.Release|x86.Build.0 = Release|Any CPU
	EndGlobalSection
	GlobalSection(SolutionProperties) = preSolution
		HideSolutionNode = FALSE
	EndGlobalSection
EndGlobal
