
Microsoft Visual Studio Solution File, Format Version 12.00
# Visual Studio 2013
VisualStudioVersion = 12.0.31101.0
MinimumVisualStudioVersion = 10.0.40219.1
Project("{FAE04EC0-301F-11D3-BF4B-00C04F79EFBC}") = "TS3AudioBot", "TS3AudioBot\TS3AudioBot.csproj", "{0ECC38F3-DE6E-4D7F-81EB-58B15F584635}"
EndProject
Project("{FAE04EC0-301F-11D3-BF4B-00C04F79EFBC}") = "TS3ABotUnitTests", "TS3ABotUnitTests\TS3ABotUnitTests.csproj", "{20B6F767-5396-41D9-83D8-98B5730C6E2E}"
EndProject
Global
	GlobalSection(SolutionConfigurationPlatforms) = preSolution
		Debug|Any CPU = Debug|Any CPU
		Release|Any CPU = Release|Any CPU
	EndGlobalSection
	GlobalSection(ProjectConfigurationPlatforms) = postSolution
		{0ECC38F3-DE6E-4D7F-81EB-58B15F584635}.Debug|Any CPU.ActiveCfg = Debug|Any CPU
		{0ECC38F3-DE6E-4D7F-81EB-58B15F584635}.Debug|Any CPU.Build.0 = Debug|Any CPU
		{0ECC38F3-DE6E-4D7F-81EB-58B15F584635}.Release|Any CPU.ActiveCfg = Release|Any CPU
		{0ECC38F3-DE6E-4D7F-81EB-58B15F584635}.Release|Any CPU.Build.0 = Release|Any CPU
		{20B6F767-5396-41D9-83D8-98B5730C6E2E}.Debug|Any CPU.ActiveCfg = Debug|Any CPU
		{20B6F767-5396-41D9-83D8-98B5730C6E2E}.Debug|Any CPU.Build.0 = Debug|Any CPU
		{20B6F767-5396-41D9-83D8-98B5730C6E2E}.Release|Any CPU.ActiveCfg = Release|Any CPU
		{20B6F767-5396-41D9-83D8-98B5730C6E2E}.Release|Any CPU.Build.0 = Release|Any CPU
	EndGlobalSection
	GlobalSection(SolutionProperties) = preSolution
		HideSolutionNode = FALSE
	EndGlobalSection
EndGlobal
